{
    "_readme": [
        "This file locks the dependencies of your project to a known state",
        "Read more about it at https://getcomposer.org/doc/01-basic-usage.md#composer-lock-the-lock-file",
        "This file is @generated automatically"
    ],
    "hash": "b20f27ab2cf659d7695b6d316f1b14b1",
    "content-hash": "5e75b492bf9d879e50e954c954651d6a",
    "packages": [
        {
            "name": "bcosca/fatfree",
            "version": "3.5.0",
            "source": {
                "type": "git",
                "url": "https://github.com/bcosca/fatfree.git",
                "reference": "9cc485be8db3b2b9d7c1f098db24afd05e5259da"
            },
            "dist": {
                "type": "zip",
                "url": "https://api.github.com/repos/bcosca/fatfree/zipball/9cc485be8db3b2b9d7c1f098db24afd05e5259da",
                "reference": "9cc485be8db3b2b9d7c1f098db24afd05e5259da",
                "shasum": ""
            },
            "require": {
                "php": ">=5.3.6"
            },
            "type": "library",
            "autoload": {
                "files": [
                    "lib/base.php"
                ]
            },
            "notification-url": "https://packagist.org/downloads/",
            "license": [
                "GPL-3.0"
            ],
            "description": "A powerful yet easy-to-use PHP micro-framework designed to help you build dynamic and robust Web applications - fast!",
            "homepage": "http://fatfreeframework.com/",
            "time": "2015-06-02 21:34:13"
        },
        {
            "name": "vendapi/vendapi",
            "version": "dev-master",
            "source": {
                "type": "git",
                "url": "https://github.com/brucealdridge/VendAPI.git",
                "reference": "2385514115223be876a4dafd7c4697892e96dd19"
            },
            "dist": {
                "type": "zip",
                "url": "https://api.github.com/repos/brucealdridge/VendAPI/zipball/2385514115223be876a4dafd7c4697892e96dd19",
                "reference": "2385514115223be876a4dafd7c4697892e96dd19",
                "shasum": ""
            },
            "require": {
                "php": ">=5.3.0"
            },
            "type": "library",
            "autoload": {
                "psr-0": {
                    "VendAPI": "src"
                }
            },
            "notification-url": "https://packagist.org/downloads/",
            "license": [
                "MIT"
            ],
            "authors": [
                {
                    "name": "Bruce Aldridge",
                    "email": "bruce@incode.co.nz",
                    "role": "Developer"
                },
                {
                    "name": "Arjan Scherpenisse",
                    "email": "arjan@scherpenisse.net",
                    "role": "Developer"
                }
            ],
            "description": "Vend API class",
            "homepage": "http://github.com/brucealdridge/vendapi",
            "keywords": [
                "e-commerce",
                "shop",
                "shopping"
            ],
            "time": "2015-08-20 21:24:34"
        }
    ],
    "packages-dev": [
        {
            "name": "heroku/heroku-buildpack-php",
            "version": "v78",
            "source": {
                "type": "git",
                "url": "https://github.com/heroku/heroku-buildpack-php.git",
                "reference": "6db8c2a37e131ad811f5518ddfbe0e6248f49337"
            },
            "dist": {
                "type": "zip",
                "url": "https://api.github.com/repos/heroku/heroku-buildpack-php/zipball/6db8c2a37e131ad811f5518ddfbe0e6248f49337",
                "reference": "6db8c2a37e131ad811f5518ddfbe0e6248f49337",
                "shasum": ""
            },
            "bin": [
                "bin/heroku-hhvm-apache2",
                "bin/heroku-hhvm-nginx",
                "bin/heroku-php-apache2",
                "bin/heroku-php-nginx"
            ],
            "type": "library",
            "notification-url": "https://packagist.org/downloads/",
            "license": [
                "MIT"
            ],
            "authors": [
                {
                    "name": "David Zuelke",
                    "email": "dz@heroku.com"
                }
            ],
            "description": "Toolkit for starting a PHP application locally, with or without foreman, using the same config for PHP/HHVM and Apache2/Nginx as on Heroku",
            "homepage": "http://github.com/heroku/heroku-buildpack-php",
            "keywords": [
                "apache",
                "apache2",
                "foreman",
                "heroku",
                "hhvm",
                "nginx",
                "php"
            ],
            "time": "2015-10-01 19:46:08"
        }
    ],
    "aliases": [],
    "minimum-stability": "stable",
    "stability-flags": {
        "vendapi/vendapi": 20
    },
    "prefer-stable": false,
    "prefer-lowest": false,
    "platform": [],
    "platform-dev": []
}
